
Microsoft Visual Studio Solution File, Format Version 12.00
Project("{2150E333-8FDC-42A3-9474-1A3956D46DE8}") = "Mobile", "Mobile", "{955DD9E0-52BF-4797-AFF9-0F57BF0103AE}"
EndProject
Project("{FAE04EC0-301F-11D3-BF4B-00C04F79EFBC}") = "Spendly.Mobile.Api", "Spendly.Mobile.Api\Spendly.Mobile.Api.csproj", "{DF115B1F-CFB3-4D05-8E1E-FD13D350C15B}"
EndProject
Project("{FAE04EC0-301F-11D3-BF4B-00C04F79EFBC}") = "Spendly.Mobile.BusinessLayer", "Spendly.Mobile.BusinessLayer\Spendly.Mobile.BusinessLayer.csproj", "{F5E67FD3-13E2-4012-AAD8-F7EC5D767788}"
EndProject
Project("{FAE04EC0-301F-11D3-BF4B-00C04F79EFBC}") = "Spendly.Mobile.ViewModels", "Spendly.Mobile.ViewModels\Spendly.Mobile.ViewModels.csproj", "{509F12E3-3912-4CC6-8E4C-0C7106F0106B}"
EndProject
Project("{2150E333-8FDC-42A3-9474-1A3956D46DE8}") = "Shared", "Shared", "{6F59150D-4537-4EF1-B82E-5EEED7E61A21}"
EndProject
Project("{FAE04EC0-301F-11D3-BF4B-00C04F79EFBC}") = "Spendly.Shared.Entities", "Spendly.Shared.Entities\Spendly.Shared.Entities.csproj", "{05CF55DF-5C99-4755-ACF5-B05EBC28F0D5}"
EndProject
Project("{FAE04EC0-301F-11D3-BF4B-00C04F79EFBC}") = "Spendly.Shared.DataLayer", "Spendly.Shared.DataLayer\Spendly.Shared.DataLayer.csproj", "{F350960F-B681-4387-A8C0-FDA83A7FCD93}"
EndProject
Project("{FAE04EC0-301F-11D3-BF4B-00C04F79EFBC}") = "Spendly.Shared.Enums", "Spendly.Shared.Enums\Spendly.Shared.Enums.csproj", "{A37CDFFF-85C5-49DA-A28E-ABA68F6B0357}"
EndProject
Project("{FAE04EC0-301F-11D3-BF4B-00C04F79EFBC}") = "Spendly.Shared.ViewModels", "Spendly.Shared.ViewModels\Spendly.Shared.ViewModels.csproj", "{DA93B693-8FA3-4F89-93D5-9A8D942A3807}"
EndProject
Project("{FAE04EC0-301F-11D3-BF4B-00C04F79EFBC}") = "Spendly.Shared.Core", "Spendly.Shared.Core\Spendly.Shared.Core.csproj", "{DBAAD35A-B245-4915-B30C-4E74CAF7812F}"
EndProject
Project("{FAE04EC0-301F-11D3-BF4B-00C04F79EFBC}") = "Spendly.Shared.Localization", "Spendly.Shared.Localization\Spendly.Shared.Localization.csproj", "{5E088775-A1B5-42EF-A806-4D1668CADD14}"
EndProject
Project("{2150E333-8FDC-42A3-9474-1A3956D46DE8}") = "Jobs", "Jobs", "{D99F5DB0-614A-4A99-9A84-573415FB791A}"
EndProject
Project("{FAE04EC0-301F-11D3-BF4B-00C04F79EFBC}") = "TestDataCreator", "TestDataCreator\TestDataCreator.csproj", "{24081D3F-6DD1-437E-B3E3-4B0D7A1FD7BA}"
EndProject
Project("{2150E333-8FDC-42A3-9474-1A3956D46DE8}") = "Tests", "Tests", "{41E09861-117F-479F-BE37-5E00CF3A9BAC}"
EndProject
Project("{FAE04EC0-301F-11D3-BF4B-00C04F79EFBC}") = "Spendly.Mobile.Api.Test", "Spendly.Mobile.Api.Test\Spendly.Mobile.Api.Test.csproj", "{6F0F8A3F-A54C-469D-8112-9779A0838A25}"
EndProject
Project("{FAE04EC0-301F-11D3-BF4B-00C04F79EFBC}") = "Spendly.Jobs.DataProcessor", "Spendly.Jobs.DataProcessor\Spendly.Jobs.DataProcessor.csproj", "{CB2823E6-CAD4-4F14-B546-DA07C760C1FF}"
EndProject
Project("{FAE04EC0-301F-11D3-BF4B-00C04F79EFBC}") = "Spendly.Shared.BusinessLayer", "Spendly.Shared.BusinessLayer\Spendly.Shared.BusinessLayer.csproj", "{B445237E-428F-4E3C-815D-4DA2F98360B5}"
EndProject
Global
	GlobalSection(SolutionConfigurationPlatforms) = preSolution
		Debug|Any CPU = Debug|Any CPU
		Release|Any CPU = Release|Any CPU
	EndGlobalSection
	GlobalSection(NestedProjects) = preSolution
		{DF115B1F-CFB3-4D05-8E1E-FD13D350C15B} = {955DD9E0-52BF-4797-AFF9-0F57BF0103AE}
		{F5E67FD3-13E2-4012-AAD8-F7EC5D767788} = {955DD9E0-52BF-4797-AFF9-0F57BF0103AE}
		{509F12E3-3912-4CC6-8E4C-0C7106F0106B} = {955DD9E0-52BF-4797-AFF9-0F57BF0103AE}
		{05CF55DF-5C99-4755-ACF5-B05EBC28F0D5} = {6F59150D-4537-4EF1-B82E-5EEED7E61A21}
		{F350960F-B681-4387-A8C0-FDA83A7FCD93} = {6F59150D-4537-4EF1-B82E-5EEED7E61A21}
		{A37CDFFF-85C5-49DA-A28E-ABA68F6B0357} = {6F59150D-4537-4EF1-B82E-5EEED7E61A21}
		{DA93B693-8FA3-4F89-93D5-9A8D942A3807} = {6F59150D-4537-4EF1-B82E-5EEED7E61A21}
		{DBAAD35A-B245-4915-B30C-4E74CAF7812F} = {6F59150D-4537-4EF1-B82E-5EEED7E61A21}
		{5E088775-A1B5-42EF-A806-4D1668CADD14} = {6F59150D-4537-4EF1-B82E-5EEED7E61A21}
		{24081D3F-6DD1-437E-B3E3-4B0D7A1FD7BA} = {D99F5DB0-614A-4A99-9A84-573415FB791A}
		{6F0F8A3F-A54C-469D-8112-9779A0838A25} = {41E09861-117F-479F-BE37-5E00CF3A9BAC}
		{CB2823E6-CAD4-4F14-B546-DA07C760C1FF} = {D99F5DB0-614A-4A99-9A84-573415FB791A}
		{B445237E-428F-4E3C-815D-4DA2F98360B5} = {6F59150D-4537-4EF1-B82E-5EEED7E61A21}
	EndGlobalSection
	GlobalSection(ProjectConfigurationPlatforms) = postSolution
		{DF115B1F-CFB3-4D05-8E1E-FD13D350C15B}.Debug|Any CPU.ActiveCfg = Debug|Any CPU
		{DF115B1F-CFB3-4D05-8E1E-FD13D350C15B}.Debug|Any CPU.Build.0 = Debug|Any CPU
		{DF115B1F-CFB3-4D05-8E1E-FD13D350C15B}.Release|Any CPU.ActiveCfg = Release|Any CPU
		{DF115B1F-CFB3-4D05-8E1E-FD13D350C15B}.Release|Any CPU.Build.0 = Release|Any CPU
		{F5E67FD3-13E2-4012-AAD8-F7EC5D767788}.Debug|Any CPU.ActiveCfg = Debug|Any CPU
		{F5E67FD3-13E2-4012-AAD8-F7EC5D767788}.Debug|Any CPU.Build.0 = Debug|Any CPU
		{F5E67FD3-13E2-4012-AAD8-F7EC5D767788}.Release|Any CPU.ActiveCfg = Release|Any CPU
		{F5E67FD3-13E2-4012-AAD8-F7EC5D767788}.Release|Any CPU.Build.0 = Release|Any CPU
		{509F12E3-3912-4CC6-8E4C-0C7106F0106B}.Debug|Any CPU.ActiveCfg = Debug|Any CPU
		{509F12E3-3912-4CC6-8E4C-0C7106F0106B}.Debug|Any CPU.Build.0 = Debug|Any CPU
		{509F12E3-3912-4CC6-8E4C-0C7106F0106B}.Release|Any CPU.ActiveCfg = Release|Any CPU
		{509F12E3-3912-4CC6-8E4C-0C7106F0106B}.Release|Any CPU.Build.0 = Release|Any CPU
		{05CF55DF-5C99-4755-ACF5-B05EBC28F0D5}.Debug|Any CPU.ActiveCfg = Debug|Any CPU
		{05CF55DF-5C99-4755-ACF5-B05EBC28F0D5}.Debug|Any CPU.Build.0 = Debug|Any CPU
		{05CF55DF-5C99-4755-ACF5-B05EBC28F0D5}.Release|Any CPU.ActiveCfg = Release|Any CPU
		{05CF55DF-5C99-4755-ACF5-B05EBC28F0D5}.Release|Any CPU.Build.0 = Release|Any CPU
		{F350960F-B681-4387-A8C0-FDA83A7FCD93}.Debug|Any CPU.ActiveCfg = Debug|Any CPU
		{F350960F-B681-4387-A8C0-FDA83A7FCD93}.Debug|Any CPU.Build.0 = Debug|Any CPU
		{F350960F-B681-4387-A8C0-FDA83A7FCD93}.Release|Any CPU.ActiveCfg = Release|Any CPU
		{F350960F-B681-4387-A8C0-FDA83A7FCD93}.Release|Any CPU.Build.0 = Release|Any CPU
		{A37CDFFF-85C5-49DA-A28E-ABA68F6B0357}.Debug|Any CPU.ActiveCfg = Debug|Any CPU
		{A37CDFFF-85C5-49DA-A28E-ABA68F6B0357}.Debug|Any CPU.Build.0 = Debug|Any CPU
		{A37CDFFF-85C5-49DA-A28E-ABA68F6B0357}.Release|Any CPU.ActiveCfg = Release|Any CPU
		{A37CDFFF-85C5-49DA-A28E-ABA68F6B0357}.Release|Any CPU.Build.0 = Release|Any CPU
		{DA93B693-8FA3-4F89-93D5-9A8D942A3807}.Debug|Any CPU.ActiveCfg = Debug|Any CPU
		{DA93B693-8FA3-4F89-93D5-9A8D942A3807}.Debug|Any CPU.Build.0 = Debug|Any CPU
		{DA93B693-8FA3-4F89-93D5-9A8D942A3807}.Release|Any CPU.ActiveCfg = Release|Any CPU
		{DA93B693-8FA3-4F89-93D5-9A8D942A3807}.Release|Any CPU.Build.0 = Release|Any CPU
		{DBAAD35A-B245-4915-B30C-4E74CAF7812F}.Debug|Any CPU.ActiveCfg = Debug|Any CPU
		{DBAAD35A-B245-4915-B30C-4E74CAF7812F}.Debug|Any CPU.Build.0 = Debug|Any CPU
		{DBAAD35A-B245-4915-B30C-4E74CAF7812F}.Release|Any CPU.ActiveCfg = Release|Any CPU
		{DBAAD35A-B245-4915-B30C-4E74CAF7812F}.Release|Any CPU.Build.0 = Release|Any CPU
		{5E088775-A1B5-42EF-A806-4D1668CADD14}.Debug|Any CPU.ActiveCfg = Debug|Any CPU
		{5E088775-A1B5-42EF-A806-4D1668CADD14}.Debug|Any CPU.Build.0 = Debug|Any CPU
		{5E088775-A1B5-42EF-A806-4D1668CADD14}.Release|Any CPU.ActiveCfg = Release|Any CPU
		{5E088775-A1B5-42EF-A806-4D1668CADD14}.Release|Any CPU.Build.0 = Release|Any CPU
		{24081D3F-6DD1-437E-B3E3-4B0D7A1FD7BA}.Debug|Any CPU.ActiveCfg = Debug|Any CPU
		{24081D3F-6DD1-437E-B3E3-4B0D7A1FD7BA}.Debug|Any CPU.Build.0 = Debug|Any CPU
		{24081D3F-6DD1-437E-B3E3-4B0D7A1FD7BA}.Release|Any CPU.ActiveCfg = Release|Any CPU
		{24081D3F-6DD1-437E-B3E3-4B0D7A1FD7BA}.Release|Any CPU.Build.0 = Release|Any CPU
		{6F0F8A3F-A54C-469D-8112-9779A0838A25}.Debug|Any CPU.ActiveCfg = Debug|Any CPU
		{6F0F8A3F-A54C-469D-8112-9779A0838A25}.Debug|Any CPU.Build.0 = Debug|Any CPU
		{6F0F8A3F-A54C-469D-8112-9779A0838A25}.Release|Any CPU.ActiveCfg = Release|Any CPU
		{6F0F8A3F-A54C-469D-8112-9779A0838A25}.Release|Any CPU.Build.0 = Release|Any CPU
		{CB2823E6-CAD4-4F14-B546-DA07C760C1FF}.Debug|Any CPU.ActiveCfg = Debug|Any CPU
		{CB2823E6-CAD4-4F14-B546-DA07C760C1FF}.Debug|Any CPU.Build.0 = Debug|Any CPU
		{CB2823E6-CAD4-4F14-B546-DA07C760C1FF}.Release|Any CPU.ActiveCfg = Release|Any CPU
		{CB2823E6-CAD4-4F14-B546-DA07C760C1FF}.Release|Any CPU.Build.0 = Release|Any CPU
		{B445237E-428F-4E3C-815D-4DA2F98360B5}.Debug|Any CPU.ActiveCfg = Debug|Any CPU
		{B445237E-428F-4E3C-815D-4DA2F98360B5}.Debug|Any CPU.Build.0 = Debug|Any CPU
		{B445237E-428F-4E3C-815D-4DA2F98360B5}.Release|Any CPU.ActiveCfg = Release|Any CPU
		{B445237E-428F-4E3C-815D-4DA2F98360B5}.Release|Any CPU.Build.0 = Release|Any CPU
	EndGlobalSection
EndGlobal
